{
  "name": "imagemagick-async",
  "version": "1.0.6",
  "lockfileVersion": 1,
  "requires": true,
  "dependencies": {
    "linux-commands-async": {
      "version": "1.3.3",
      "resolved": "https://registry.npmjs.org/linux-commands-async/-/linux-commands-async-1.3.3.tgz",
      "integrity": "sha512-JS77UtBhMqZA+b9UE9HXW5wawaVDZ300YI4qYyqmjfVo6zRwMfeW2BQCccbchX+3u/GnwWj2j6HxeytNjRVo7A=="
    }
  }
}
