{
  "name": "imagemagick-async",
  "version": "1.0.1",
  "lockfileVersion": 1,
  "requires": true,
  "dependencies": {
    "linux-commands-async": {
      "version": "1.2.1",
      "resolved": "https://registry.npmjs.org/linux-commands-async/-/linux-commands-async-1.2.1.tgz",
      "integrity": "sha512-AjFdvXVE4lVnqKA0I8EqyuUH+4zDReKc/Ep7J13S3eiGT2Z4K5QPVCkdE+WVO/P4rh9ZyzOoyz9kTi4S2NxSvQ=="
    }
  }
}
